
Microsoft Visual Studio Solution File, Format Version 12.00
# Visual Studio Version 16
VisualStudioVersion = 16.0.29709.97
MinimumVisualStudioVersion = 10.0.40219.1
Project("{FAE04EC0-301F-11D3-BF4B-00C04F79EFBC}") = "MyHTMLEditor", "MyHTMLEditor\MyHTMLEditor.csproj", "{159407B1-8FFF-4CD1-A6F5-D044CAAEA685}"
EndProject
Project("{FAE04EC0-301F-11D3-BF4B-00C04F79EFBC}") = "WebBrowserControl", "WebBrowserControl\WebBrowserControl.csproj", "{3B4C6056-F02A-4C0E-AB9D-F08AAA217BE6}"
EndProject
Global
	GlobalSection(SolutionConfigurationPlatforms) = preSolution
		Debug|Any CPU = Debug|Any CPU
		Release|Any CPU = Release|Any CPU
	EndGlobalSection
	GlobalSection(ProjectConfigurationPlatforms) = postSolution
		{159407B1-8FFF-4CD1-A6F5-D044CAAEA685}.Debug|Any CPU.ActiveCfg = Debug|Any CPU
		{159407B1-8FFF-4CD1-A6F5-D044CAAEA685}.Debug|Any CPU.Build.0 = Debug|Any CPU
		{159407B1-8FFF-4CD1-A6F5-D044CAAEA685}.Release|Any CPU.ActiveCfg = Release|Any CPU
		{159407B1-8FFF-4CD1-A6F5-D044CAAEA685}.Release|Any CPU.Build.0 = Release|Any CPU
		{3B4C6056-F02A-4C0E-AB9D-F08AAA217BE6}.Debug|Any CPU.ActiveCfg = Debug|Any CPU
		{3B4C6056-F02A-4C0E-AB9D-F08AAA217BE6}.Debug|Any CPU.Build.0 = Debug|Any CPU
		{3B4C6056-F02A-4C0E-AB9D-F08AAA217BE6}.Release|Any CPU.ActiveCfg = Release|Any CPU
		{3B4C6056-F02A-4C0E-AB9D-F08AAA217BE6}.Release|Any CPU.Build.0 = Release|Any CPU
	EndGlobalSection
	GlobalSection(SolutionProperties) = preSolution
		HideSolutionNode = FALSE
	EndGlobalSection
	GlobalSection(ExtensibilityGlobals) = postSolution
		SolutionGuid = {1B6647FF-A18F-4B6F-A23D-27A0C4ED1AA3}
	EndGlobalSection
EndGlobal
